
Microsoft Visual Studio Solution File, Format Version 12.00
# Visual Studio Version 17
VisualStudioVersion = 17.14.36623.8 d17.14
MinimumVisualStudioVersion = 10.0.40219.1
Project("{FAE04EC0-301F-11D3-BF4B-00C04F79EFBC}") = "ejercicio001", "ejercicio001.csproj", "{A29C44C5-C4E0-4183-8CE2-AE32BBA31552}"
EndProject
Global
	GlobalSection(SolutionConfigurationPlatforms) = preSolution
		Debug|Any CPU = Debug|Any CPU
		Release|Any CPU = Release|Any CPU
	EndGlobalSection
	GlobalSection(ProjectConfigurationPlatforms) = postSolution
		{A29C44C5-C4E0-4183-8CE2-AE32BBA31552}.Debug|Any CPU.ActiveCfg = Debug|Any CPU
		{A29C44C5-C4E0-4183-8CE2-AE32BBA31552}.Debug|Any CPU.Build.0 = Debug|Any CPU
		{A29C44C5-C4E0-4183-8CE2-AE32BBA31552}.Release|Any CPU.ActiveCfg = Release|Any CPU
		{A29C44C5-C4E0-4183-8CE2-AE32BBA31552}.Release|Any CPU.Build.0 = Release|Any CPU
	EndGlobalSection
	GlobalSection(SolutionProperties) = preSolution
		HideSolutionNode = FALSE
	EndGlobalSection
	GlobalSection(ExtensibilityGlobals) = postSolution
		SolutionGuid = {5F7F1A1C-BA24-48DA-8541-5A39D7885F19}
	EndGlobalSection
EndGlobal
